
Microsoft Visual Studio Solution File, Format Version 12.00
# Visual Studio Version 17
VisualStudioVersion = 17.8.34322.80
MinimumVisualStudioVersion = 10.0.40219.1
Project("{FAE04EC0-301F-11D3-BF4B-00C04F79EFBC}") = "ExercicioExtra0 - Banco", "ExercicioExtra0 - Banco\ExercicioExtra0 - Banco.csproj", "{272B462B-C35A-4471-9BD4-9E4AB23314F8}"
EndProject
Global
	GlobalSection(SolutionConfigurationPlatforms) = preSolution
		Debug|Any CPU = Debug|Any CPU
		Release|Any CPU = Release|Any CPU
	EndGlobalSection
	GlobalSection(ProjectConfigurationPlatforms) = postSolution
		{272B462B-C35A-4471-9BD4-9E4AB23314F8}.Debug|Any CPU.ActiveCfg = Debug|Any CPU
		{272B462B-C35A-4471-9BD4-9E4AB23314F8}.Debug|Any CPU.Build.0 = Debug|Any CPU
		{272B462B-C35A-4471-9BD4-9E4AB23314F8}.Release|Any CPU.ActiveCfg = Release|Any CPU
		{272B462B-C35A-4471-9BD4-9E4AB23314F8}.Release|Any CPU.Build.0 = Release|Any CPU
	EndGlobalSection
	GlobalSection(SolutionProperties) = preSolution
		HideSolutionNode = FALSE
	EndGlobalSection
	GlobalSection(ExtensibilityGlobals) = postSolution
		SolutionGuid = {1A7A0099-294A-4952-BA6A-7528E7C1CB2F}
	EndGlobalSection
EndGlobal
