
Microsoft Visual Studio Solution File, Format Version 12.00
# Visual Studio Version 17
VisualStudioVersion = 17.8.34322.80
MinimumVisualStudioVersion = 10.0.40219.1
Project("{FAE04EC0-301F-11D3-BF4B-00C04F79EFBC}") = "ExercicioExtra0 - Veiculo - Interface", "ExercicioExtra0 - Veiculo - Interface\ExercicioExtra0 - Veiculo - Interface.csproj", "{F3610A3B-AB33-4580-80ED-1EC0B2FD4028}"
EndProject
Global
	GlobalSection(SolutionConfigurationPlatforms) = preSolution
		Debug|Any CPU = Debug|Any CPU
		Release|Any CPU = Release|Any CPU
	EndGlobalSection
	GlobalSection(ProjectConfigurationPlatforms) = postSolution
		{F3610A3B-AB33-4580-80ED-1EC0B2FD4028}.Debug|Any CPU.ActiveCfg = Debug|Any CPU
		{F3610A3B-AB33-4580-80ED-1EC0B2FD4028}.Debug|Any CPU.Build.0 = Debug|Any CPU
		{F3610A3B-AB33-4580-80ED-1EC0B2FD4028}.Release|Any CPU.ActiveCfg = Release|Any CPU
		{F3610A3B-AB33-4580-80ED-1EC0B2FD4028}.Release|Any CPU.Build.0 = Release|Any CPU
	EndGlobalSection
	GlobalSection(SolutionProperties) = preSolution
		HideSolutionNode = FALSE
	EndGlobalSection
	GlobalSection(ExtensibilityGlobals) = postSolution
		SolutionGuid = {F568338D-D301-44AE-901A-DF4072790BB7}
	EndGlobalSection
EndGlobal
