
Microsoft Visual Studio Solution File, Format Version 12.00
# Visual Studio Version 17
VisualStudioVersion = 17.8.34322.80
MinimumVisualStudioVersion = 10.0.40219.1
Project("{FAE04EC0-301F-11D3-BF4B-00C04F79EFBC}") = "ExercicioExtra0 - Formas Geometricas - Interface", "ExercicioExtra0 - Formas Geometricas - Interface\ExercicioExtra0 - Formas Geometricas - Interface.csproj", "{F89BC203-3106-4023-B2F0-DB20B45CB07B}"
EndProject
Global
	GlobalSection(SolutionConfigurationPlatforms) = preSolution
		Debug|Any CPU = Debug|Any CPU
		Release|Any CPU = Release|Any CPU
	EndGlobalSection
	GlobalSection(ProjectConfigurationPlatforms) = postSolution
		{F89BC203-3106-4023-B2F0-DB20B45CB07B}.Debug|Any CPU.ActiveCfg = Debug|Any CPU
		{F89BC203-3106-4023-B2F0-DB20B45CB07B}.Debug|Any CPU.Build.0 = Debug|Any CPU
		{F89BC203-3106-4023-B2F0-DB20B45CB07B}.Release|Any CPU.ActiveCfg = Release|Any CPU
		{F89BC203-3106-4023-B2F0-DB20B45CB07B}.Release|Any CPU.Build.0 = Release|Any CPU
	EndGlobalSection
	GlobalSection(SolutionProperties) = preSolution
		HideSolutionNode = FALSE
	EndGlobalSection
	GlobalSection(ExtensibilityGlobals) = postSolution
		SolutionGuid = {D7EB5C56-522E-473F-8FD8-33457C67F732}
	EndGlobalSection
EndGlobal
